// !$*UTF8*$!
{
	archiveVersion = 1;
	classes = {
	};
	objectVersion = 46;
	objects = {

/* Begin PBXBuildFile section */
		D8BFE64818B2F4480059D815 /* Foundation.framework in Frameworks */ = {isa = PBXBuildFile; fileRef = D8BFE64718B2F4480059D815 /* Foundation.framework */; };
		D8BFE64A18B2F4480059D815 /* CoreGraphics.framework in Frameworks */ = {isa = PBXBuildFile; fileRef = D8BFE64918B2F4480059D815 /* CoreGraphics.framework */; };
		D8BFE64C18B2F4480059D815 /* UIKit.framework in Frameworks */ = {isa = PBXBuildFile; fileRef = D8BFE64B18B2F4480059D815 /* UIKit.framework */; };
		D8BFE65218B2F4480059D815 /* InfoPlist.strings in Resources */ = {isa = PBXBuildFile; fileRef = D8BFE65018B2F4480059D815 /* InfoPlist.strings */; };
		D8BFE65418B2F4480059D815 /* main.m in Sources */ = {isa = PBXBuildFile; fileRef = D8BFE65318B2F4480059D815 /* main.m */; };
		D8BFE65818B2F4480059D815 /* JoeTrackerAppDelegate.m in Sources */ = {isa = PBXBuildFile; fileRef = D8BFE65718B2F4480059D815 /* JoeTrackerAppDelegate.m */; };
		D8BFE65B18B2F4480059D815 /* Main.storyboard in Resources */ = {isa = PBXBuildFile; fileRef = D8BFE65918B2F4480059D815 /* Main.storyboard */; };
		D8BFE65E18B2F4480059D815 /* JoeTrackerViewController.m in Sources */ = {isa = PBXBuildFile; fileRef = D8BFE65D18B2F4480059D815 /* JoeTrackerViewController.m */; };
		D8BFE66018B2F4480059D815 /* Images.xcassets in Resources */ = {isa = PBXBuildFile; fileRef = D8BFE65F18B2F4480059D815 /* Images.xcassets */; };
		D8BFE66718B2F4480059D815 /* XCTest.framework in Frameworks */ = {isa = PBXBuildFile; fileRef = D8BFE66618B2F4480059D815 /* XCTest.framework */; };
		D8BFE66818B2F4480059D815 /* Foundation.framework in Frameworks */ = {isa = PBXBuildFile; fileRef = D8BFE64718B2F4480059D815 /* Foundation.framework */; };
		D8BFE66918B2F4480059D815 /* UIKit.framework in Frameworks */ = {isa = PBXBuildFile; fileRef = D8BFE64B18B2F4480059D815 /* UIKit.framework */; };
		D8BFE67118B2F4480059D815 /* InfoPlist.strings in Resources */ = {isa = PBXBuildFile; fileRef = D8BFE66F18B2F4480059D815 /* InfoPlist.strings */; };
		D8BFE67318B2F4480059D815 /* JoeTrackerTests.m in Sources */ = {isa = PBXBuildFile; fileRef = D8BFE67218B2F4480059D815 /* JoeTrackerTests.m */; };
		D8BFE67F18B2F4F20059D815 /* AudioToolbox.framework in Frameworks */ = {isa = PBXBuildFile; fileRef = D8BFE67E18B2F4F20059D815 /* AudioToolbox.framework */; };
		D8BFE68118B2F4FD0059D815 /* CFNetwork.framework in Frameworks */ = {isa = PBXBuildFile; fileRef = D8BFE68018B2F4FD0059D815 /* CFNetwork.framework */; };
		D8BFE68318B2F5080059D815 /* CoreLocation.framework in Frameworks */ = {isa = PBXBuildFile; fileRef = D8BFE68218B2F5080059D815 /* CoreLocation.framework */; };
		D8BFE68518B2F5140059D815 /* MobileCoreServices.framework in Frameworks */ = {isa = PBXBuildFile; fileRef = D8BFE68418B2F5140059D815 /* MobileCoreServices.framework */; };
		D8BFE68718B2F5210059D815 /* libz.1.1.3.dylib in Frameworks */ = {isa = PBXBuildFile; fileRef = D8BFE68618B2F5210059D815 /* libz.1.1.3.dylib */; };
		D8BFE68918B2F5330059D815 /* QuartzCore.framework in Frameworks */ = {isa = PBXBuildFile; fileRef = D8BFE68818B2F5330059D815 /* QuartzCore.framework */; };
		D8BFE68B18B2F53B0059D815 /* Security.framework in Frameworks */ = {isa = PBXBuildFile; fileRef = D8BFE68A18B2F53B0059D815 /* Security.framework */; };
		D8BFE68D18B2F5450059D815 /* StoreKit.framework in Frameworks */ = {isa = PBXBuildFile; fileRef = D8BFE68C18B2F5450059D815 /* StoreKit.framework */; };
		D8BFE68F18B2F54F0059D815 /* SystemConfiguration.framework in Frameworks */ = {isa = PBXBuildFile; fileRef = D8BFE68E18B2F54E0059D815 /* SystemConfiguration.framework */; };
		D8BFE69118B2F5D70059D815 /* Parse.framework in Frameworks */ = {isa = PBXBuildFile; fileRef = D8BFE69018B2F5D70059D815 /* Parse.framework */; };
		D8BFE69418B321650059D815 /* JoeTrackerKeyboardManager.m in Sources */ = {isa = PBXBuildFile; fileRef = D8BFE69318B321650059D815 /* JoeTrackerKeyboardManager.m */; };
		D8C4542918C053F800119361 /* JoeTrackerMainPageViewController.m in Sources */ = {isa = PBXBuildFile; fileRef = D8C4542818C053F800119361 /* JoeTrackerMainPageViewController.m */; };
		D8C5319B18C3CE3D00BD2B7F /* placeholder.png in Resources */ = {isa = PBXBuildFile; fileRef = D8C5319A18C3CE3D00BD2B7F /* placeholder.png */; };
		D8FBA5BF18C3D8C500F468D5 /* JoeTrackerWebViewController.m in Sources */ = {isa = PBXBuildFile; fileRef = D8FBA5BE18C3D8C500F468D5 /* JoeTrackerWebViewController.m */; };
/* End PBXBuildFile section */

/* Begin PBXContainerItemProxy section */
		D8BFE66A18B2F4480059D815 /* PBXContainerItemProxy */ = {
			isa = PBXContainerItemProxy;
			containerPortal = D8BFE63C18B2F4480059D815 /* Project object */;
			proxyType = 1;
			remoteGlobalIDString = D8BFE64318B2F4480059D815;
			remoteInfo = JoeTracker;
		};
/* End PBXContainerItemProxy section */

/* Begin PBXFileReference section */
		D8BFE64418B2F4480059D815 /* JoeTracker.app */ = {isa = PBXFileReference; explicitFileType = wrapper.application; includeInIndex = 0; path = JoeTracker.app; sourceTree = BUILT_PRODUCTS_DIR; };
		D8BFE64718B2F4480059D815 /* Foundation.framework */ = {isa = PBXFileReference; lastKnownFileType = wrapper.framework; name = Foundation.framework; path = System/Library/Frameworks/Foundation.framework; sourceTree = SDKROOT; };
		D8BFE64918B2F4480059D815 /* CoreGraphics.framework */ = {isa = PBXFileReference; lastKnownFileType = wrapper.framework; name = CoreGraphics.framework; path = System/Library/Frameworks/CoreGraphics.framework; sourceTree = SDKROOT; };
		D8BFE64B18B2F4480059D815 /* UIKit.framework */ = {isa = PBXFileReference; lastKnownFileType = wrapper.framework; name = UIKit.framework; path = System/Library/Frameworks/UIKit.framework; sourceTree = SDKROOT; };
		D8BFE64F18B2F4480059D815 /* JoeTracker-Info.plist */ = {isa = PBXFileReference; lastKnownFileType = text.plist.xml; path = "JoeTracker-Info.plist"; sourceTree = "<group>"; };
		D8BFE65118B2F4480059D815 /* en */ = {isa = PBXFileReference; lastKnownFileType = text.plist.strings; name = en; path = en.lproj/InfoPlist.strings; sourceTree = "<group>"; };
		D8BFE65318B2F4480059D815 /* main.m */ = {isa = PBXFileReference; lastKnownFileType = sourcecode.c.objc; path = main.m; sourceTree = "<group>"; };
		D8BFE65518B2F4480059D815 /* JoeTracker-Prefix.pch */ = {isa = PBXFileReference; lastKnownFileType = sourcecode.c.h; path = "JoeTracker-Prefix.pch"; sourceTree = "<group>"; };
		D8BFE65618B2F4480059D815 /* JoeTrackerAppDelegate.h */ = {isa = PBXFileReference; fileEncoding = 4; lastKnownFileType = sourcecode.c.h; path = JoeTrackerAppDelegate.h; sourceTree = "<group>"; };
		D8BFE65718B2F4480059D815 /* JoeTrackerAppDelegate.m */ = {isa = PBXFileReference; lastKnownFileType = sourcecode.c.objc; path = JoeTrackerAppDelegate.m; sourceTree = "<group>"; };
		D8BFE65A18B2F4480059D815 /* Base */ = {isa = PBXFileReference; lastKnownFileType = file.storyboard; name = Base; path = Base.lproj/Main.storyboard; sourceTree = "<group>"; };
		D8BFE65C18B2F4480059D815 /* JoeTrackerViewController.h */ = {isa = PBXFileReference; lastKnownFileType = sourcecode.c.h; path = JoeTrackerViewController.h; sourceTree = "<group>"; };
		D8BFE65D18B2F4480059D815 /* JoeTrackerViewController.m */ = {isa = PBXFileReference; lastKnownFileType = sourcecode.c.objc; path = JoeTrackerViewController.m; sourceTree = "<group>"; };
		D8BFE65F18B2F4480059D815 /* Images.xcassets */ = {isa = PBXFileReference; lastKnownFileType = folder.assetcatalog; path = Images.xcassets; sourceTree = "<group>"; };
		D8BFE66518B2F4480059D815 /* JoeTrackerTests.xctest */ = {isa = PBXFileReference; explicitFileType = wrapper.cfbundle; includeInIndex = 0; path = JoeTrackerTests.xctest; sourceTree = BUILT_PRODUCTS_DIR; };
		D8BFE66618B2F4480059D815 /* XCTest.framework */ = {isa = PBXFileReference; lastKnownFileType = wrapper.framework; name = XCTest.framework; path = Library/Frameworks/XCTest.framework; sourceTree = DEVELOPER_DIR; };
		D8BFE66E18B2F4480059D815 /* JoeTrackerTests-Info.plist */ = {isa = PBXFileReference; lastKnownFileType = text.plist.xml; path = "JoeTrackerTests-Info.plist"; sourceTree = "<group>"; };
		D8BFE67018B2F4480059D815 /* en */ = {isa = PBXFileReference; lastKnownFileType = text.plist.strings; name = en; path = en.lproj/InfoPlist.strings; sourceTree = "<group>"; };
		D8BFE67218B2F4480059D815 /* JoeTrackerTests.m */ = {isa = PBXFileReference; lastKnownFileType = sourcecode.c.objc; path = JoeTrackerTests.m; sourceTree = "<group>"; };
		D8BFE67C18B2F46C0059D815 /* Parse 2.framework */ = {isa = PBXFileReference; lastKnownFileType = wrapper.framework; name = "Parse 2.framework"; path = "../../Downloads/Parse 2.framework"; sourceTree = "<group>"; };
		D8BFE67E18B2F4F20059D815 /* AudioToolbox.framework */ = {isa = PBXFileReference; lastKnownFileType = wrapper.framework; name = AudioToolbox.framework; path = System/Library/Frameworks/AudioToolbox.framework; sourceTree = SDKROOT; };
		D8BFE68018B2F4FD0059D815 /* CFNetwork.framework */ = {isa = PBXFileReference; lastKnownFileType = wrapper.framework; name = CFNetwork.framework; path = System/Library/Frameworks/CFNetwork.framework; sourceTree = SDKROOT; };
		D8BFE68218B2F5080059D815 /* CoreLocation.framework */ = {isa = PBXFileReference; lastKnownFileType = wrapper.framework; name = CoreLocation.framework; path = System/Library/Frameworks/CoreLocation.framework; sourceTree = SDKROOT; };
		D8BFE68418B2F5140059D815 /* MobileCoreServices.framework */ = {isa = PBXFileReference; lastKnownFileType = wrapper.framework; name = MobileCoreServices.framework; path = System/Library/Frameworks/MobileCoreServices.framework; sourceTree = SDKROOT; };
		D8BFE68618B2F5210059D815 /* libz.1.1.3.dylib */ = {isa = PBXFileReference; lastKnownFileType = "compiled.mach-o.dylib"; name = libz.1.1.3.dylib; path = usr/lib/libz.1.1.3.dylib; sourceTree = SDKROOT; };
		D8BFE68818B2F5330059D815 /* QuartzCore.framework */ = {isa = PBXFileReference; lastKnownFileType = wrapper.framework; name = QuartzCore.framework; path = System/Library/Frameworks/QuartzCore.framework; sourceTree = SDKROOT; };
		D8BFE68A18B2F53B0059D815 /* Security.framework */ = {isa = PBXFileReference; lastKnownFileType = wrapper.framework; name = Security.framework; path = System/Library/Frameworks/Security.framework; sourceTree = SDKROOT; };
		D8BFE68C18B2F5450059D815 /* StoreKit.framework */ = {isa = PBXFileReference; lastKnownFileType = wrapper.framework; name = StoreKit.framework; path = System/Library/Frameworks/StoreKit.framework; sourceTree = SDKROOT; };
		D8BFE68E18B2F54E0059D815 /* SystemConfiguration.framework */ = {isa = PBXFileReference; lastKnownFileType = wrapper.framework; name = SystemConfiguration.framework; path = System/Library/Frameworks/SystemConfiguration.framework; sourceTree = SDKROOT; };
		D8BFE69018B2F5D70059D815 /* Parse.framework */ = {isa = PBXFileReference; lastKnownFileType = wrapper.framework; name = Parse.framework; path = ../../Downloads/Parse.framework; sourceTree = "<group>"; };
		D8BFE69218B321650059D815 /* JoeTrackerKeyboardManager.h */ = {isa = PBXFileReference; fileEncoding = 4; lastKnownFileType = sourcecode.c.h; path = JoeTrackerKeyboardManager.h; sourceTree = "<group>"; };
		D8BFE69318B321650059D815 /* JoeTrackerKeyboardManager.m */ = {isa = PBXFileReference; fileEncoding = 4; lastKnownFileType = sourcecode.c.objc; path = JoeTrackerKeyboardManager.m; sourceTree = "<group>"; };
		D8C4542718C053F800119361 /* JoeTrackerMainPageViewController.h */ = {isa = PBXFileReference; fileEncoding = 4; lastKnownFileType = sourcecode.c.h; path = JoeTrackerMainPageViewController.h; sourceTree = "<group>"; };
		D8C4542818C053F800119361 /* JoeTrackerMainPageViewController.m */ = {isa = PBXFileReference; fileEncoding = 4; lastKnownFileType = sourcecode.c.objc; path = JoeTrackerMainPageViewController.m; sourceTree = "<group>"; };
		D8C5319A18C3CE3D00BD2B7F /* placeholder.png */ = {isa = PBXFileReference; lastKnownFileType = image.png; name = placeholder.png; path = Images.xcassets/placeholder.png; sourceTree = "<group>"; };
		D8FBA5BD18C3D8C500F468D5 /* JoeTrackerWebViewController.h */ = {isa = PBXFileReference; fileEncoding = 4; lastKnownFileType = sourcecode.c.h; path = JoeTrackerWebViewController.h; sourceTree = "<group>"; };
		D8FBA5BE18C3D8C500F468D5 /* JoeTrackerWebViewController.m */ = {isa = PBXFileReference; fileEncoding = 4; lastKnownFileType = sourcecode.c.objc; path = JoeTrackerWebViewController.m; sourceTree = "<group>"; };
/* End PBXFileReference section */

/* Begin PBXFrameworksBuildPhase section */
		D8BFE64118B2F4480059D815 /* Frameworks */ = {
			isa = PBXFrameworksBuildPhase;
			buildActionMask = 2147483647;
			files = (
				D8BFE68F18B2F54F0059D815 /* SystemConfiguration.framework in Frameworks */,
				D8BFE68D18B2F5450059D815 /* StoreKit.framework in Frameworks */,
				D8BFE68B18B2F53B0059D815 /* Security.framework in Frameworks */,
				D8BFE68918B2F5330059D815 /* QuartzCore.framework in Frameworks */,
				D8BFE68518B2F5140059D815 /* MobileCoreServices.framework in Frameworks */,
				D8BFE68718B2F5210059D815 /* libz.1.1.3.dylib in Frameworks */,
				D8BFE69118B2F5D70059D815 /* Parse.framework in Frameworks */,
				D8BFE68318B2F5080059D815 /* CoreLocation.framework in Frameworks */,
				D8BFE68118B2F4FD0059D815 /* CFNetwork.framework in Frameworks */,
				D8BFE67F18B2F4F20059D815 /* AudioToolbox.framework in Frameworks */,
				D8BFE64A18B2F4480059D815 /* CoreGraphics.framework in Frameworks */,
				D8BFE64C18B2F4480059D815 /* UIKit.framework in Frameworks */,
				D8BFE64818B2F4480059D815 /* Foundation.framework in Frameworks */,
			);
			runOnlyForDeploymentPostprocessing = 0;
		};
		D8BFE66218B2F4480059D815 /* Frameworks */ = {
			isa = PBXFrameworksBuildPhase;
			buildActionMask = 2147483647;
			files = (
				D8BFE66718B2F4480059D815 /* XCTest.framework in Frameworks */,
				D8BFE66918B2F4480059D815 /* UIKit.framework in Frameworks */,
				D8BFE66818B2F4480059D815 /* Foundation.framework in Frameworks */,
			);
			runOnlyForDeploymentPostprocessing = 0;
		};
/* End PBXFrameworksBuildPhase section */

/* Begin PBXGroup section */
		D8BFE63B18B2F4480059D815 = {
			isa = PBXGroup;
			children = (
				D8BFE64D18B2F4480059D815 /* JoeTracker */,
				D8BFE66C18B2F4480059D815 /* JoeTrackerTests */,
				D8BFE64618B2F4480059D815 /* Frameworks */,
				D8BFE64518B2F4480059D815 /* Products */,
			);
			sourceTree = "<group>";
		};
		D8BFE64518B2F4480059D815 /* Products */ = {
			isa = PBXGroup;
			children = (
				D8BFE64418B2F4480059D815 /* JoeTracker.app */,
				D8BFE66518B2F4480059D815 /* JoeTrackerTests.xctest */,
			);
			name = Products;
			sourceTree = "<group>";
		};
		D8BFE64618B2F4480059D815 /* Frameworks */ = {
			isa = PBXGroup;
			children = (
				D8BFE69018B2F5D70059D815 /* Parse.framework */,
				D8BFE68E18B2F54E0059D815 /* SystemConfiguration.framework */,
				D8BFE68C18B2F5450059D815 /* StoreKit.framework */,
				D8BFE68A18B2F53B0059D815 /* Security.framework */,
				D8BFE68818B2F5330059D815 /* QuartzCore.framework */,
				D8BFE68618B2F5210059D815 /* libz.1.1.3.dylib */,
				D8BFE68418B2F5140059D815 /* MobileCoreServices.framework */,
				D8BFE68218B2F5080059D815 /* CoreLocation.framework */,
				D8BFE68018B2F4FD0059D815 /* CFNetwork.framework */,
				D8BFE67E18B2F4F20059D815 /* AudioToolbox.framework */,
				D8BFE67C18B2F46C0059D815 /* Parse 2.framework */,
				D8BFE64718B2F4480059D815 /* Foundation.framework */,
				D8BFE64918B2F4480059D815 /* CoreGraphics.framework */,
				D8BFE64B18B2F4480059D815 /* UIKit.framework */,
				D8BFE66618B2F4480059D815 /* XCTest.framework */,
			);
			name = Frameworks;
			sourceTree = "<group>";
		};
		D8BFE64D18B2F4480059D815 /* JoeTracker */ = {
			isa = PBXGroup;
			children = (
				D8C5319A18C3CE3D00BD2B7F /* placeholder.png */,
				D8BFE65618B2F4480059D815 /* JoeTrackerAppDelegate.h */,
				D8BFE65718B2F4480059D815 /* JoeTrackerAppDelegate.m */,
				D8BFE65918B2F4480059D815 /* Main.storyboard */,
				D8FBA5BD18C3D8C500F468D5 /* JoeTrackerWebViewController.h */,
				D8FBA5BE18C3D8C500F468D5 /* JoeTrackerWebViewController.m */,
				D8BFE69218B321650059D815 /* JoeTrackerKeyboardManager.h */,
				D8BFE69318B321650059D815 /* JoeTrackerKeyboardManager.m */,
				D8BFE65C18B2F4480059D815 /* JoeTrackerViewController.h */,
				D8BFE65D18B2F4480059D815 /* JoeTrackerViewController.m */,
				D8BFE65F18B2F4480059D815 /* Images.xcassets */,
				D8BFE64E18B2F4480059D815 /* Supporting Files */,
				D8C4542718C053F800119361 /* JoeTrackerMainPageViewController.h */,
				D8C4542818C053F800119361 /* JoeTrackerMainPageViewController.m */,
			);
			path = JoeTracker;
			sourceTree = "<group>";
		};
		D8BFE64E18B2F4480059D815 /* Supporting Files */ = {
			isa = PBXGroup;
			children = (
				D8BFE64F18B2F4480059D815 /* JoeTracker-Info.plist */,
				D8BFE65018B2F4480059D815 /* InfoPlist.strings */,
				D8BFE65318B2F4480059D815 /* main.m */,
				D8BFE65518B2F4480059D815 /* JoeTracker-Prefix.pch */,
			);
			name = "Supporting Files";
			sourceTree = "<group>";
		};
		D8BFE66C18B2F4480059D815 /* JoeTrackerTests */ = {
			isa = PBXGroup;
			children = (
				D8BFE67218B2F4480059D815 /* JoeTrackerTests.m */,
				D8BFE66D18B2F4480059D815 /* Supporting Files */,
			);
			path = JoeTrackerTests;
			sourceTree = "<group>";
		};
		D8BFE66D18B2F4480059D815 /* Supporting Files */ = {
			isa = PBXGroup;
			children = (
				D8BFE66E18B2F4480059D815 /* JoeTrackerTests-Info.plist */,
				D8BFE66F18B2F4480059D815 /* InfoPlist.strings */,
			);
			name = "Supporting Files";
			sourceTree = "<group>";
		};
/* End PBXGroup section */

/* Begin PBXNativeTarget section */
		D8BFE64318B2F4480059D815 /* JoeTracker */ = {
			isa = PBXNativeTarget;
			buildConfigurationList = D8BFE67618B2F4480059D815 /* Build configuration list for PBXNativeTarget "JoeTracker" */;
			buildPhases = (
				D8BFE64018B2F4480059D815 /* Sources */,
				D8BFE64118B2F4480059D815 /* Frameworks */,
				D8BFE64218B2F4480059D815 /* Resources */,
			);
			buildRules = (
			);
			dependencies = (
			);
			name = JoeTracker;
			productName = JoeTracker;
			productReference = D8BFE64418B2F4480059D815 /* JoeTracker.app */;
			productType = "com.apple.product-type.application";
		};
		D8BFE66418B2F4480059D815 /* JoeTrackerTests */ = {
			isa = PBXNativeTarget;
			buildConfigurationList = D8BFE67918B2F4480059D815 /* Build configuration list for PBXNativeTarget "JoeTrackerTests" */;
			buildPhases = (
				D8BFE66118B2F4480059D815 /* Sources */,
				D8BFE66218B2F4480059D815 /* Frameworks */,
				D8BFE66318B2F4480059D815 /* Resources */,
			);
			buildRules = (
			);
			dependencies = (
				D8BFE66B18B2F4480059D815 /* PBXTargetDependency */,
			);
			name = JoeTrackerTests;
			productName = JoeTrackerTests;
			productReference = D8BFE66518B2F4480059D815 /* JoeTrackerTests.xctest */;
			productType = "com.apple.product-type.bundle.unit-test";
		};
/* End PBXNativeTarget section */

/* Begin PBXProject section */
		D8BFE63C18B2F4480059D815 /* Project object */ = {
			isa = PBXProject;
			attributes = {
				CLASSPREFIX = JoeTracker;
				LastUpgradeCheck = 0500;
				ORGANIZATIONNAME = "Joseph Jackson";
				TargetAttributes = {
					D8BFE66418B2F4480059D815 = {
						TestTargetID = D8BFE64318B2F4480059D815;
					};
				};
			};
			buildConfigurationList = D8BFE63F18B2F4480059D815 /* Build configuration list for PBXProject "JoeTracker" */;
			compatibilityVersion = "Xcode 3.2";
			developmentRegion = English;
			hasScannedForEncodings = 0;
			knownRegions = (
				en,
				Base,
			);
			mainGroup = D8BFE63B18B2F4480059D815;
			productRefGroup = D8BFE64518B2F4480059D815 /* Products */;
			projectDirPath = "";
			projectRoot = "";
			targets = (
				D8BFE64318B2F4480059D815 /* JoeTracker */,
				D8BFE66418B2F4480059D815 /* JoeTrackerTests */,
			);
		};
/* End PBXProject section */

/* Begin PBXResourcesBuildPhase section */
		D8BFE64218B2F4480059D815 /* Resources */ = {
			isa = PBXResourcesBuildPhase;
			buildActionMask = 2147483647;
			files = (
				D8BFE66018B2F4480059D815 /* Images.xcassets in Resources */,
				D8C5319B18C3CE3D00BD2B7F /* placeholder.png in Resources */,
				D8BFE65218B2F4480059D815 /* InfoPlist.strings in Resources */,
				D8BFE65B18B2F4480059D815 /* Main.storyboard in Resources */,
			);
			runOnlyForDeploymentPostprocessing = 0;
		};
		D8BFE66318B2F4480059D815 /* Resources */ = {
			isa = PBXResourcesBuildPhase;
			buildActionMask = 2147483647;
			files = (
				D8BFE67118B2F4480059D815 /* InfoPlist.strings in Resources */,
			);
			runOnlyForDeploymentPostprocessing = 0;
		};
/* End PBXResourcesBuildPhase section */

/* Begin PBXSourcesBuildPhase section */
		D8BFE64018B2F4480059D815 /* Sources */ = {
			isa = PBXSourcesBuildPhase;
			buildActionMask = 2147483647;
			files = (
				D8BFE69418B321650059D815 /* JoeTrackerKeyboardManager.m in Sources */,
				D8BFE65818B2F4480059D815 /* JoeTrackerAppDelegate.m in Sources */,
				D8C4542918C053F800119361 /* JoeTrackerMainPageViewController.m in Sources */,
				D8BFE65418B2F4480059D815 /* main.m in Sources */,
				D8BFE65E18B2F4480059D815 /* JoeTrackerViewController.m in Sources */,
				D8FBA5BF18C3D8C500F468D5 /* JoeTrackerWebViewController.m in Sources */,
			);
			runOnlyForDeploymentPostprocessing = 0;
		};
		D8BFE66118B2F4480059D815 /* Sources */ = {
			isa = PBXSourcesBuildPhase;
			buildActionMask = 2147483647;
			files = (
				D8BFE67318B2F4480059D815 /* JoeTrackerTests.m in Sources */,
			);
			runOnlyForDeploymentPostprocessing = 0;
		};
/* End PBXSourcesBuildPhase section */

/* Begin PBXTargetDependency section */
		D8BFE66B18B2F4480059D815 /* PBXTargetDependency */ = {
			isa = PBXTargetDependency;
			target = D8BFE64318B2F4480059D815 /* JoeTracker */;
			targetProxy = D8BFE66A18B2F4480059D815 /* PBXContainerItemProxy */;
		};
/* End PBXTargetDependency section */

/* Begin PBXVariantGroup section */
		D8BFE65018B2F4480059D815 /* InfoPlist.strings */ = {
			isa = PBXVariantGroup;
			children = (
				D8BFE65118B2F4480059D815 /* en */,
			);
			name = InfoPlist.strings;
			sourceTree = "<group>";
		};
		D8BFE65918B2F4480059D815 /* Main.storyboard */ = {
			isa = PBXVariantGroup;
			children = (
				D8BFE65A18B2F4480059D815 /* Base */,
			);
			name = Main.storyboard;
			sourceTree = "<group>";
		};
		D8BFE66F18B2F4480059D815 /* InfoPlist.strings */ = {
			isa = PBXVariantGroup;
			children = (
				D8BFE67018B2F4480059D815 /* en */,
			);
			name = InfoPlist.strings;
			sourceTree = "<group>";
		};
/* End PBXVariantGroup section */

/* Begin XCBuildConfiguration section */
		D8BFE67418B2F4480059D815 /* Debug */ = {
			isa = XCBuildConfiguration;
			buildSettings = {
				ALWAYS_SEARCH_USER_PATHS = NO;
				ARCHS = "$(ARCHS_STANDARD_INCLUDING_64_BIT)";
				CLANG_CXX_LANGUAGE_STANDARD = "gnu++0x";
				CLANG_CXX_LIBRARY = "libc++";
				CLANG_ENABLE_MODULES = YES;
				CLANG_ENABLE_OBJC_ARC = YES;
				CLANG_WARN_BOOL_CONVERSION = YES;
				CLANG_WARN_CONSTANT_CONVERSION = YES;
				CLANG_WARN_DIRECT_OBJC_ISA_USAGE = YES_ERROR;
				CLANG_WARN_EMPTY_BODY = YES;
				CLANG_WARN_ENUM_CONVERSION = YES;
				CLANG_WARN_INT_CONVERSION = YES;
				CLANG_WARN_OBJC_ROOT_CLASS = YES_ERROR;
				CLANG_WARN__DUPLICATE_METHOD_MATCH = YES;
				"CODE_SIGN_IDENTITY[sdk=iphoneos*]" = "iPhone Developer";
				COPY_PHASE_STRIP = NO;
				GCC_C_LANGUAGE_STANDARD = gnu99;
				GCC_DYNAMIC_NO_PIC = NO;
				GCC_OPTIMIZATION_LEVEL = 0;
				GCC_PREPROCESSOR_DEFINITIONS = (
					"DEBUG=1",
					"$(inherited)",
				);
				GCC_SYMBOLS_PRIVATE_EXTERN = NO;
				GCC_WARN_64_TO_32_BIT_CONVERSION = YES;
				GCC_WARN_ABOUT_RETURN_TYPE = YES_ERROR;
				GCC_WARN_UNDECLARED_SELECTOR = YES;
				GCC_WARN_UNINITIALIZED_AUTOS = YES;
				GCC_WARN_UNUSED_FUNCTION = YES;
				GCC_WARN_UNUSED_VARIABLE = YES;
				IPHONEOS_DEPLOYMENT_TARGET = 7.0;
				ONLY_ACTIVE_ARCH = YES;
				SDKROOT = iphoneos;
			};
			name = Debug;
		};
		D8BFE67518B2F4480059D815 /* Release */ = {
			isa = XCBuildConfiguration;
			buildSettings = {
				ALWAYS_SEARCH_USER_PATHS = NO;
				ARCHS = "$(ARCHS_STANDARD_INCLUDING_64_BIT)";
				CLANG_CXX_LANGUAGE_STANDARD = "gnu++0x";
				CLANG_CXX_LIBRARY = "libc++";
				CLANG_ENABLE_MODULES = YES;
				CLANG_ENABLE_OBJC_ARC = YES;
				CLANG_WARN_BOOL_CONVERSION = YES;
				CLANG_WARN_CONSTANT_CONVERSION = YES;
				CLANG_WARN_DIRECT_OBJC_ISA_USAGE = YES_ERROR;
				CLANG_WARN_EMPTY_BODY = YES;
				CLANG_WARN_ENUM_CONVERSION = YES;
				CLANG_WARN_INT_CONVERSION = YES;
				CLANG_WARN_OBJC_ROOT_CLASS = YES_ERROR;
				CLANG_WARN__DUPLICATE_METHOD_MATCH = YES;
				"CODE_SIGN_IDENTITY[sdk=iphoneos*]" = "iPhone Developer";
				COPY_PHASE_STRIP = YES;
				ENABLE_NS_ASSERTIONS = NO;
				GCC_C_LANGUAGE_STANDARD = gnu99;
				GCC_WARN_64_TO_32_BIT_CONVERSION = YES;
				GCC_WARN_ABOUT_RETURN_TYPE = YES_ERROR;
				GCC_WARN_UNDECLARED_SELECTOR = YES;
				GCC_WARN_UNINITIALIZED_AUTOS = YES;
				GCC_WARN_UNUSED_FUNCTION = YES;
				GCC_WARN_UNUSED_VARIABLE = YES;
				IPHONEOS_DEPLOYMENT_TARGET = 7.0;
				SDKROOT = iphoneos;
				VALIDATE_PRODUCT = YES;
			};
			name = Release;
		};
		D8BFE67718B2F4480059D815 /* Debug */ = {
			isa = XCBuildConfiguration;
			buildSettings = {
				ASSETCATALOG_COMPILER_APPICON_NAME = AppIcon;
				ASSETCATALOG_COMPILER_LAUNCHIMAGE_NAME = LaunchImage;
				FRAMEWORK_SEARCH_PATHS = (
					"$(inherited)",
					/Users/joe/Downloads,
				);
				GCC_PRECOMPILE_PREFIX_HEADER = YES;
				GCC_PREFIX_HEADER = "JoeTracker/JoeTracker-Prefix.pch";
				INFOPLIST_FILE = "JoeTracker/JoeTracker-Info.plist";
				PRODUCT_NAME = "$(TARGET_NAME)";
				WRAPPER_EXTENSION = app;
			};
			name = Debug;
		};
		D8BFE67818B2F4480059D815 /* Release */ = {
			isa = XCBuildConfiguration;
			buildSettings = {
				ASSETCATALOG_COMPILER_APPICON_NAME = AppIcon;
				ASSETCATALOG_COMPILER_LAUNCHIMAGE_NAME = LaunchImage;
				FRAMEWORK_SEARCH_PATHS = (
					"$(inherited)",
					/Users/joe/Downloads,
				);
				GCC_PRECOMPILE_PREFIX_HEADER = YES;
				GCC_PREFIX_HEADER = "JoeTracker/JoeTracker-Prefix.pch";
				INFOPLIST_FILE = "JoeTracker/JoeTracker-Info.plist";
				PRODUCT_NAME = "$(TARGET_NAME)";
				WRAPPER_EXTENSION = app;
			};
			name = Release;
		};
		D8BFE67A18B2F4480059D815 /* Debug */ = {
			isa = XCBuildConfiguration;
			buildSettings = {
				ARCHS = "$(ARCHS_STANDARD_INCLUDING_64_BIT)";
				BUNDLE_LOADER = "$(BUILT_PRODUCTS_DIR)/JoeTracker.app/JoeTracker";
				FRAMEWORK_SEARCH_PATHS = (
					"$(SDKROOT)/Developer/Library/Frameworks",
					"$(inherited)",
					"$(DEVELOPER_FRAMEWORKS_DIR)",
				);
				GCC_PRECOMPILE_PREFIX_HEADER = YES;
				GCC_PREFIX_HEADER = "JoeTracker/JoeTracker-Prefix.pch";
				GCC_PREPROCESSOR_DEFINITIONS = (
					"DEBUG=1",
					"$(inherited)",
				);
				INFOPLIST_FILE = "JoeTrackerTests/JoeTrackerTests-Info.plist";
				PRODUCT_NAME = "$(TARGET_NAME)";
				TEST_HOST = "$(BUNDLE_LOADER)";
				WRAPPER_EXTENSION = xctest;
			};
			name = Debug;
		};
		D8BFE67B18B2F4480059D815 /* Release */ = {
			isa = XCBuildConfiguration;
			buildSettings = {
				ARCHS = "$(ARCHS_STANDARD_INCLUDING_64_BIT)";
				BUNDLE_LOADER = "$(BUILT_PRODUCTS_DIR)/JoeTracker.app/JoeTracker";
				FRAMEWORK_SEARCH_PATHS = (
					"$(SDKROOT)/Developer/Library/Frameworks",
					"$(inherited)",
					"$(DEVELOPER_FRAMEWORKS_DIR)",
				);
				GCC_PRECOMPILE_PREFIX_HEADER = YES;
				GCC_PREFIX_HEADER = "JoeTracker/JoeTracker-Prefix.pch";
				INFOPLIST_FILE = "JoeTrackerTests/JoeTrackerTests-Info.plist";
				PRODUCT_NAME = "$(TARGET_NAME)";
				TEST_HOST = "$(BUNDLE_LOADER)";
				WRAPPER_EXTENSION = xctest;
			};
			name = Release;
		};
/* End XCBuildConfiguration section */

/* Begin XCConfigurationList section */
		D8BFE63F18B2F4480059D815 /* Build configuration list for PBXProject "JoeTracker" */ = {
			isa = XCConfigurationList;
			buildConfigurations = (
				D8BFE67418B2F4480059D815 /* Debug */,
				D8BFE67518B2F4480059D815 /* Release */,
			);
			defaultConfigurationIsVisible = 0;
			defaultConfigurationName = Release;
		};
		D8BFE67618B2F4480059D815 /* Build configuration list for PBXNativeTarget "JoeTracker" */ = {
			isa = XCConfigurationList;
			buildConfigurations = (
				D8BFE67718B2F4480059D815 /* Debug */,
				D8BFE67818B2F4480059D815 /* Release */,
			);
			defaultConfigurationIsVisible = 0;
			defaultConfigurationName = Release;
		};
		D8BFE67918B2F4480059D815 /* Build configuration list for PBXNativeTarget "JoeTrackerTests" */ = {
			isa = XCConfigurationList;
			buildConfigurations = (
				D8BFE67A18B2F4480059D815 /* Debug */,
				D8BFE67B18B2F4480059D815 /* Release */,
			);
			defaultConfigurationIsVisible = 0;
			defaultConfigurationName = Release;
		};
/* End XCConfigurationList section */
	};
	rootObject = D8BFE63C18B2F4480059D815 /* Project object */;
}
